
Microsoft Visual Studio Solution File, Format Version 12.00
# Visual Studio Version 17
VisualStudioVersion = 17.13.35806.99
MinimumVisualStudioVersion = 10.0.40219.1
Project("{FAE04EC0-301F-11D3-BF4B-00C04F79EFBC}") = "Blog_Flo_Web", "Blog_Flo_Web\Blog_Flo_Web.csproj", "{9E1E26F8-8FF3-4546-B428-B4068B63F8F1}"
EndProject
Project("{FAE04EC0-301F-11D3-BF4B-00C04F79EFBC}") = "API", "API\API.csproj", "{C87F05CC-38FE-4BF7-92F6-A571C4A87ADF}"
EndProject
Project("{FAE04EC0-301F-11D3-BF4B-00C04F79EFBC}") = "Blog_Flo_Web.Test", "Blog_Flo_Web.Test\Blog_Flo_Web.Test.csproj", "{0DCC2383-9683-4A3A-AABD-BF7FF10534FD}"
EndProject
Global
	GlobalSection(SolutionConfigurationPlatforms) = preSolution
		Debug|Any CPU = Debug|Any CPU
		Release|Any CPU = Release|Any CPU
	EndGlobalSection
	GlobalSection(ProjectConfigurationPlatforms) = postSolution
		{9E1E26F8-8FF3-4546-B428-B4068B63F8F1}.Debug|Any CPU.ActiveCfg = Debug|Any CPU
		{9E1E26F8-8FF3-4546-B428-B4068B63F8F1}.Debug|Any CPU.Build.0 = Debug|Any CPU
		{9E1E26F8-8FF3-4546-B428-B4068B63F8F1}.Release|Any CPU.ActiveCfg = Release|Any CPU
		{9E1E26F8-8FF3-4546-B428-B4068B63F8F1}.Release|Any CPU.Build.0 = Release|Any CPU
		{C87F05CC-38FE-4BF7-92F6-A571C4A87ADF}.Debug|Any CPU.ActiveCfg = Debug|Any CPU
		{C87F05CC-38FE-4BF7-92F6-A571C4A87ADF}.Debug|Any CPU.Build.0 = Debug|Any CPU
		{C87F05CC-38FE-4BF7-92F6-A571C4A87ADF}.Release|Any CPU.ActiveCfg = Release|Any CPU
		{C87F05CC-38FE-4BF7-92F6-A571C4A87ADF}.Release|Any CPU.Build.0 = Release|Any CPU
		{0DCC2383-9683-4A3A-AABD-BF7FF10534FD}.Debug|Any CPU.ActiveCfg = Debug|Any CPU
		{0DCC2383-9683-4A3A-AABD-BF7FF10534FD}.Debug|Any CPU.Build.0 = Debug|Any CPU
		{0DCC2383-9683-4A3A-AABD-BF7FF10534FD}.Release|Any CPU.ActiveCfg = Release|Any CPU
		{0DCC2383-9683-4A3A-AABD-BF7FF10534FD}.Release|Any CPU.Build.0 = Release|Any CPU
	EndGlobalSection
	GlobalSection(SolutionProperties) = preSolution
		HideSolutionNode = FALSE
	EndGlobalSection
	GlobalSection(ExtensibilityGlobals) = postSolution
		SolutionGuid = {5EE0DF35-A62F-46FD-8624-7D709080F2CC}
	EndGlobalSection
EndGlobal
